{
  "name": "zstreams-csv-parse",
  "version": "1.0.0",
  "lockfileVersion": 1,
  "requires": true,
  "dependencies": {
    "crisphooks": {
      "version": "2.0.1",
      "resolved": "https://registry.npmjs.org/crisphooks/-/crisphooks-2.0.1.tgz",
      "integrity": "sha512-OV1Ce8nxIabr3JjLTeabLfVTbtOPXUE+q97dOpo7Ra/+A5C+rJNOcqrYI/tH8DeZ+cReu3jAB3gnvHTTTjl5kA==",
      "requires": {
        "es6-promise": "^2.0.1"
      },
      "dependencies": {
        "es6-promise": {
          "version": "2.3.0",
          "resolved": "https://registry.npmjs.org/es6-promise/-/es6-promise-2.3.0.tgz",
          "integrity": "sha1-lu258v2wGZWCKyY92KratnSBgbw="
        }
      }
    },
    "es6-promise": {
      "version": "4.2.8",
      "resolved": "https://registry.npmjs.org/es6-promise/-/es6-promise-4.2.8.tgz",
      "integrity": "sha512-HJDGx5daxeIvxdBxvG2cb9g4tEvwIk3i8+nhX0yGrYmZUzbkdg8QbDevheDB8gd0//uPj4c1EQua8Q+MViT0/w=="
    },
    "extend": {
      "version": "3.0.2",
      "resolved": "https://registry.npmjs.org/extend/-/extend-3.0.2.tgz",
      "integrity": "sha512-fjquC59cD7CyW6urNXK0FBufkZcoiGG80wTuPujX590cB5Ttln20E2UB4S/WARVqhXffZl2LNgS+gQdPIIim/g=="
    },
    "inherits": {
      "version": "2.0.4",
      "resolved": "https://registry.npmjs.org/inherits/-/inherits-2.0.4.tgz",
      "integrity": "sha512-k/vGaX4/Yla3WzyMCvTQOXYeIHvqOKtnqBduzTHpzpQZzAskKMhZ2K+EnBiSM9zGSoIFeMpXKxa4dYeZIQqewQ=="
    },
    "lodash": {
      "version": "4.17.20",
      "resolved": "https://registry.npmjs.org/lodash/-/lodash-4.17.20.tgz",
      "integrity": "sha512-PlhdFcillOINfeV7Ni6oF1TAEayyZBoZ8bcshTHqOYJYlrqzRK5hagpagky5o4HfCzzd1TRkXPMFq6cKk9rGmA==",
      "dev": true
    },
    "objtools": {
      "version": "3.0.0",
      "resolved": "https://registry.npmjs.org/objtools/-/objtools-3.0.0.tgz",
      "integrity": "sha512-PaQBiyYOqdmTkgqsPJ1URhEjkOj+sQrfutswGir1IY3cicpnC6Of2p2OcqUokPNc1vhupeWyBiSkyPDJ8/TNvQ==",
      "dev": true,
      "requires": {
        "lodash": "^4.17.20",
        "xerror": "^2.0.0"
      }
    },
    "p-limit": {
      "version": "3.0.2",
      "resolved": "https://registry.npmjs.org/p-limit/-/p-limit-3.0.2.tgz",
      "integrity": "sha512-iwqZSOoWIW+Ew4kAGUlN16J4M7OB3ysMLSZtnhmqx7njIHFPlxWBX8xo3lVTyFVq6mI/lL9qt2IsN1sHwaxJkg==",
      "requires": {
        "p-try": "^2.0.0"
      }
    },
    "p-try": {
      "version": "2.2.0",
      "resolved": "https://registry.npmjs.org/p-try/-/p-try-2.2.0.tgz",
      "integrity": "sha512-R4nPAVTAU0B9D35/Gk3uJf/7XYbQcyohSKdvAxIRSNghFl4e71hVoGnBNQz9cWaXxO2I10KTC+3jMdvvoKw6dQ=="
    },
    "pasync": {
      "version": "2.0.1",
      "resolved": "https://registry.npmjs.org/pasync/-/pasync-2.0.1.tgz",
      "integrity": "sha512-soxsbtB1TqOuvywTBHTXCVjUZgtHg5KbtkHuPKtht9/hmxvXhu4KQM1ozNeJNaUMFEodJJ2NNbgNN8KjVpDexA==",
      "requires": {
        "p-limit": "^3.0.2"
      }
    },
    "readable-stream": {
      "version": "3.6.0",
      "resolved": "https://registry.npmjs.org/readable-stream/-/readable-stream-3.6.0.tgz",
      "integrity": "sha512-BViHy7LKeTz4oNnkcLJ+lVSL6vpiFeX6/d3oSH8zCW7UxP2onchk+vTGB143xuFjHS3deTgkKoXXymXqymiIdA==",
      "requires": {
        "inherits": "^2.0.3",
        "string_decoder": "^1.1.1",
        "util-deprecate": "^1.0.1"
      }
    },
    "safe-buffer": {
      "version": "5.2.1",
      "resolved": "https://registry.npmjs.org/safe-buffer/-/safe-buffer-5.2.1.tgz",
      "integrity": "sha512-rp3So07KcdmmKbGvgaNxQSJr7bGVSVk5S9Eq1F+ppbRo70+YeaDxkw5Dd8NPN+GD6bjnYm2VuPuCXmpuYvmCXQ=="
    },
    "string_decoder": {
      "version": "1.3.0",
      "resolved": "https://registry.npmjs.org/string_decoder/-/string_decoder-1.3.0.tgz",
      "integrity": "sha512-hkRX8U1WjJFd8LsDJ2yQ/wWWxaopEsABU1XfkM8A+j0+85JAGppt16cr1Whg6KIbb4okU6Mql6BOj+uup/wKeA==",
      "requires": {
        "safe-buffer": "~5.2.0"
      }
    },
    "util-deprecate": {
      "version": "1.0.2",
      "resolved": "https://registry.npmjs.org/util-deprecate/-/util-deprecate-1.0.2.tgz",
      "integrity": "sha1-RQ1Nyfpw3nMnYvvS1KKJgUGaDM8="
    },
    "xerror": {
      "version": "2.0.0",
      "resolved": "https://registry.npmjs.org/xerror/-/xerror-2.0.0.tgz",
      "integrity": "sha512-dHqPLlgocuNSSHvI/Tedj+YvZmHzRrc4Cdxuu58HK7aPNq9zPgrcDjZ2b1HBGQEnAUKEHToMs35NHMi4CMeEag==",
      "dev": true
    },
    "zstreams": {
      "version": "5.0.0",
      "resolved": "https://registry.npmjs.org/zstreams/-/zstreams-5.0.0.tgz",
      "integrity": "sha512-hJstn6CUvcCPAwjOXpw/P8cBUTFzmQhYTAnfUPeoHi6Km9kdsBXpmbW2blUUOpSqrqArI4XJ456IgpN+s9mGdg==",
      "requires": {
        "crisphooks": "^2.0.1",
        "es6-promise": "^4.2.8",
        "extend": "^3.0.2",
        "pasync": "^2.0.1",
        "readable-stream": "^3.6.0"
      }
    }
  }
}
